
Microsoft Visual Studio Solution File, Format Version 12.00
# Visual Studio Version 17
VisualStudioVersion = 17.11.35327.3
MinimumVisualStudioVersion = 10.0.40219.1
Project("{9A19103F-16F7-4668-BE54-9A1E7A4F7556}") = "RandomGameLauncher", "RandomGameLauncher\RandomGameLauncher.csproj", "{AD1E051D-E60B-4723-B6A3-FF32829C5C31}"
EndProject
Project("{FAE04EC0-301F-11D3-BF4B-00C04F79EFBC}") = "RandomGameLauncher.Core", "RandomGameLauncher.Core\RandomGameLauncher.Core.csproj", "{0DCEC046-DE4E-4C14-96C2-4131E016F152}"
EndProject
Project("{FAE04EC0-301F-11D3-BF4B-00C04F79EFBC}") = "RandomGameLauncher.Core.Tests", "RandomGameLauncher.Core.Tests\RandomGameLauncher.Core.Tests.csproj", "{8AA01FE6-87B3-4DFC-9F50-491365473374}"
EndProject
Global
	GlobalSection(SolutionConfigurationPlatforms) = preSolution
		Debug|Any CPU = Debug|Any CPU
		Release|Any CPU = Release|Any CPU
	EndGlobalSection
	GlobalSection(ProjectConfigurationPlatforms) = postSolution
		{AD1E051D-E60B-4723-B6A3-FF32829C5C31}.Debug|Any CPU.ActiveCfg = Debug|Any CPU
		{AD1E051D-E60B-4723-B6A3-FF32829C5C31}.Debug|Any CPU.Build.0 = Debug|Any CPU
		{AD1E051D-E60B-4723-B6A3-FF32829C5C31}.Release|Any CPU.ActiveCfg = Release|Any CPU
		{AD1E051D-E60B-4723-B6A3-FF32829C5C31}.Release|Any CPU.Build.0 = Release|Any CPU
		{0DCEC046-DE4E-4C14-96C2-4131E016F152}.Debug|Any CPU.ActiveCfg = Debug|Any CPU
		{0DCEC046-DE4E-4C14-96C2-4131E016F152}.Debug|Any CPU.Build.0 = Debug|Any CPU
		{0DCEC046-DE4E-4C14-96C2-4131E016F152}.Release|Any CPU.ActiveCfg = Release|Any CPU
		{0DCEC046-DE4E-4C14-96C2-4131E016F152}.Release|Any CPU.Build.0 = Release|Any CPU
		{8AA01FE6-87B3-4DFC-9F50-491365473374}.Debug|Any CPU.ActiveCfg = Debug|Any CPU
		{8AA01FE6-87B3-4DFC-9F50-491365473374}.Debug|Any CPU.Build.0 = Debug|Any CPU
		{8AA01FE6-87B3-4DFC-9F50-491365473374}.Release|Any CPU.ActiveCfg = Release|Any CPU
		{8AA01FE6-87B3-4DFC-9F50-491365473374}.Release|Any CPU.Build.0 = Release|Any CPU
	EndGlobalSection
	GlobalSection(SolutionProperties) = preSolution
		HideSolutionNode = FALSE
	EndGlobalSection
	GlobalSection(ExtensibilityGlobals) = postSolution
		SolutionGuid = {D9D0C50A-3BC7-4E97-954D-5C03346743A3}
	EndGlobalSection
EndGlobal
