
Microsoft Visual Studio Solution File, Format Version 12.00
# Visual Studio Version 17
VisualStudioVersion = 17.6.33723.286
MinimumVisualStudioVersion = 10.0.40219.1
Project("{9A19103F-16F7-4668-BE54-9A1E7A4F7556}") = "RG39", "RG39\RG39.csproj", "{7957B086-22C8-473B-8DF0-6C6941487338}"
EndProject
Global
	GlobalSection(SolutionConfigurationPlatforms) = preSolution
		Debug|Any CPU = Debug|Any CPU
		Debug|x64 = Debug|x64
		Release|Any CPU = Release|Any CPU
		Release|x64 = Release|x64
	EndGlobalSection
	GlobalSection(ProjectConfigurationPlatforms) = postSolution
		{7957B086-22C8-473B-8DF0-6C6941487338}.Debug|Any CPU.ActiveCfg = Debug|Any CPU
		{7957B086-22C8-473B-8DF0-6C6941487338}.Debug|Any CPU.Build.0 = Debug|Any CPU
		{7957B086-22C8-473B-8DF0-6C6941487338}.Debug|x64.ActiveCfg = Debug|Any CPU
		{7957B086-22C8-473B-8DF0-6C6941487338}.Debug|x64.Build.0 = Debug|Any CPU
		{7957B086-22C8-473B-8DF0-6C6941487338}.Release|Any CPU.ActiveCfg = Release|Any CPU
		{7957B086-22C8-473B-8DF0-6C6941487338}.Release|Any CPU.Build.0 = Release|Any CPU
		{7957B086-22C8-473B-8DF0-6C6941487338}.Release|x64.ActiveCfg = Release|Any CPU
		{7957B086-22C8-473B-8DF0-6C6941487338}.Release|x64.Build.0 = Release|Any CPU
	EndGlobalSection
	GlobalSection(SolutionProperties) = preSolution
		HideSolutionNode = FALSE
	EndGlobalSection
	GlobalSection(ExtensibilityGlobals) = postSolution
		SolutionGuid = {3E850C0C-CD09-4CBB-8B1D-0EE6ABE868CC}
	EndGlobalSection
EndGlobal
